{
  "nodes": {
    "home-manager": {
      "inputs": {
        "nixpkgs": [
          "nixpkgs"
        ]
      },
      "locked": {
        "lastModified": 1692099905,
        "narHash": "sha256-/pSusGhmIdSdAaywQRFA5dVbfdIzlWQTecM+E46+cJ0=",
        "owner": "nix-community",
        "repo": "home-manager",
        "rev": "2a6679aa9cc3872c29ba2a57fe1b71b3e3c5649f",
        "type": "github"
      },
      "original": {
        "owner": "nix-community",
        "ref": "release-23.05",
        "repo": "home-manager",
        "type": "github"
      }
    },
    "nixpkgs": {
      "locked": {
        "lastModified": 1692134936,
        "narHash": "sha256-Z68O969cioC6I3k/AFBxsuEwpJwt4l9fzwuAMUhCCs0=",
        "owner": "NixOS",
        "repo": "nixpkgs",
        "rev": "bfd953b2c6de4f550f75461bcc5768b6f966be10",
        "type": "github"
      },
      "original": {
        "owner": "NixOS",
        "ref": "nixos-23.05",
        "repo": "nixpkgs",
        "type": "github"
      }
    },
    "nixpkgs-docker": {
      "locked": {
        "lastModified": 1689254525,
        "narHash": "sha256-JVFoTY3rs1uDHbh0llRb1BcTNx26fGSLSiPmjojT+KY=",
        "owner": "NixOS",
        "repo": "nixpkgs",
        "rev": "b6bbc53029a31f788ffed9ea2d459f0bb0f0fbfc",
        "type": "github"
      },
      "original": {
        "owner": "NixOS",
        "repo": "nixpkgs",
        "rev": "b6bbc53029a31f788ffed9ea2d459f0bb0f0fbfc",
        "type": "github"
      }
    },
    "nixpkgs-unstable": {
      "locked": {
        "lastModified": 1692128808,
        "narHash": "sha256-Di1Zm/P042NuwThMiZNrtmaAjd4Tm2qBOKHX7xUOfMk=",
        "owner": "nixos",
        "repo": "nixpkgs",
        "rev": "4ed9856be002a730234a1a1ed9dcd9dd10cbdb40",
        "type": "github"
      },
      "original": {
        "owner": "nixos",
        "ref": "nixpkgs-unstable",
        "repo": "nixpkgs",
        "type": "github"
      }
    },
    "root": {
      "inputs": {
        "home-manager": "home-manager",
        "nixpkgs": "nixpkgs",
        "nixpkgs-docker": "nixpkgs-docker",
        "nixpkgs-unstable": "nixpkgs-unstable"
      }
    }
  },
  "root": "root",
  "version": 7
}
