{"version":4,"terraform_version":"1.11.0","serial":26,"lineage":"443d5cda-63f2-b3c5-82ef-3557526e0c54","outputs":{},"resources":[{"mode":"managed","type":"postgresql_database","name":"database","provider":"provider[\"registry.opentofu.org/cyrilgdn/postgresql\"]","instances":[{"index_key":"openbao","schema_version":0,"attributes":{"allow_connections":true,"alter_object_ownership":false,"connection_limit":-1,"encoding":"UTF8","id":"openbao","is_template":false,"lc_collate":"en_US.UTF-8","lc_ctype":"en_US.UTF-8","name":"openbao","owner":"openbao","tablespace_name":"pg_default","template":"template0"},"sensitive_attributes":[],"private":"bnVsbA=="}]},{"mode":"managed","type":"postgresql_default_privileges","name":"grant_rw","provider":"provider[\"registry.opentofu.org/cyrilgdn/postgresql\"]","instances":[{"index_key":"openbao","schema_version":0,"attributes":{"database":"openbao","id":"openbao_openbao_public_openbao_table","object_type":"table","owner":"openbao","privileges":["DELETE","INSERT","SELECT","UPDATE"],"role":"openbao","schema":"public","with_grant_option":false},"sensitive_attributes":[],"private":"bnVsbA=="}]},{"mode":"managed","type":"postgresql_grant","name":"grant_rw","provider":"provider[\"registry.opentofu.org/cyrilgdn/postgresql\"]","instances":[{"index_key":"openbao","schema_version":0,"attributes":{"columns":null,"database":"openbao","id":"openbao_openbao_public_table","object_type":"table","objects":null,"privileges":["DELETE","INSERT","SELECT","UPDATE"],"role":"openbao","schema":"public","with_grant_option":false},"sensitive_attributes":[],"private":"bnVsbA=="}]},{"mode":"managed","type":"postgresql_grant_role","name":"grant_postgres","provider":"provider[\"registry.opentofu.org/cyrilgdn/postgresql\"]","instances":[{"index_key":"openbao","schema_version":0,"attributes":{"grant_role":"openbao","id":"postgres_openbao_true","role":"postgres","with_admin_option":true},"sensitive_attributes":[],"private":"bnVsbA=="}]},{"mode":"managed","type":"postgresql_role","name":"role","provider":"provider[\"registry.opentofu.org/cyrilgdn/postgresql\"]","instances":[{"index_key":"openbao","schema_version":0,"attributes":{"assume_role":"","bypass_row_level_security":false,"connection_limit":-1,"create_database":false,"create_role":false,"encrypted":null,"encrypted_password":true,"id":"openbao","idle_in_transaction_session_timeout":0,"inherit":true,"login":true,"name":"openbao","password":"","password_wo":null,"password_wo_version":"1","replication":false,"roles":[],"search_path":[],"skip_drop_role":false,"skip_reassign_owned":false,"statement_timeout":0,"superuser":false,"valid_until":"infinity"},"sensitive_attributes":[[{"type":"get_attr","value":"password"}],[{"type":"get_attr","value":"password_wo"}]],"private":"bnVsbA=="}]}],"check_results":null}
