name: update-flake-lock

on:
  workflow_dispatch:
  schedule:
    - cron: '0 0 * * 1,4' # every Monday and Thursday

jobs:
  lockfile:
    runs-on: ubuntu-latest

    permissions:
      contents: write
      pull-requests: write

    steps:
      - name: Checkout repository
        uses: actions/checkout@v4

      - name: Install Nix
        uses: DeterminateSystems/nix-installer-action@v19

      - name: Update flake.lock
        id: update
        uses: DeterminateSystems/update-flake-lock@v27
        with:
          pr-title: "Update flake.lock"
          pr-labels: |
            dependencies
            nix-flake

      - name: Auto merge pull request
        run: "gh pr merge --auto --delete-branch --squash ${{ steps.update.outputs.pull-request-number }}"
        env:
          GH_TOKEN: ${{ github.token }}
